
Microsoft Visual Studio Solution File, Format Version 12.00
# Visual Studio Version 17
VisualStudioVersion = 17.3.32811.315
MinimumVisualStudioVersion = 10.0.40219.1
Project("{FAE04EC0-301F-11D3-BF4B-00C04F79EFBC}") = "DatabaseCRUD", "DatabaseCRUD\DatabaseCRUD.csproj", "{9F2B940B-06F9-4ED6-B926-C0943EE8E2B3}"
EndProject
Global
	GlobalSection(SolutionConfigurationPlatforms) = preSolution
		Debug|Any CPU = Debug|Any CPU
		Release|Any CPU = Release|Any CPU
	EndGlobalSection
	GlobalSection(ProjectConfigurationPlatforms) = postSolution
		{9F2B940B-06F9-4ED6-B926-C0943EE8E2B3}.Debug|Any CPU.ActiveCfg = Debug|Any CPU
		{9F2B940B-06F9-4ED6-B926-C0943EE8E2B3}.Debug|Any CPU.Build.0 = Debug|Any CPU
		{9F2B940B-06F9-4ED6-B926-C0943EE8E2B3}.Release|Any CPU.ActiveCfg = Release|Any CPU
		{9F2B940B-06F9-4ED6-B926-C0943EE8E2B3}.Release|Any CPU.Build.0 = Release|Any CPU
	EndGlobalSection
	GlobalSection(SolutionProperties) = preSolution
		HideSolutionNode = FALSE
	EndGlobalSection
	GlobalSection(ExtensibilityGlobals) = postSolution
		SolutionGuid = {6B4A0E8E-596B-499C-B77A-5155054C1951}
	EndGlobalSection
EndGlobal
