
Microsoft Visual Studio Solution File, Format Version 12.00
# Visual Studio Version 17
VisualStudioVersion = 17.3.32811.315
MinimumVisualStudioVersion = 10.0.40219.1
Project("{9A19103F-16F7-4668-BE54-9A1E7A4F7556}") = "P_JSON_ParkerKugler", "P_JSON_ParkerKugler\P_JSON_ParkerKugler.csproj", "{E30B2B01-A81D-4BB3-B2EA-5F945F5BD2A6}"
EndProject
Project("{9A19103F-16F7-4668-BE54-9A1E7A4F7556}") = "P_JSON_Serialization", "P_JSON_Serialization\P_JSON_Serialization.csproj", "{C1F7307F-E7AC-425A-AFEB-348963EB0E95}"
EndProject
Project("{9A19103F-16F7-4668-BE54-9A1E7A4F7556}") = "JSON_GoT", "JSON_GoT\JSON_GoT.csproj", "{85D49582-3C51-4E30-95FF-6F5C9E447EBC}"
EndProject
Project("{FAE04EC0-301F-11D3-BF4B-00C04F79EFBC}") = "JSON_Pokemon", "JSON_Pokemon\JSON_Pokemon.csproj", "{0BE29819-BB3B-45BE-922A-B1514287CB18}"
EndProject
Global
	GlobalSection(SolutionConfigurationPlatforms) = preSolution
		Debug|Any CPU = Debug|Any CPU
		Release|Any CPU = Release|Any CPU
	EndGlobalSection
	GlobalSection(ProjectConfigurationPlatforms) = postSolution
		{E30B2B01-A81D-4BB3-B2EA-5F945F5BD2A6}.Debug|Any CPU.ActiveCfg = Debug|Any CPU
		{E30B2B01-A81D-4BB3-B2EA-5F945F5BD2A6}.Debug|Any CPU.Build.0 = Debug|Any CPU
		{E30B2B01-A81D-4BB3-B2EA-5F945F5BD2A6}.Release|Any CPU.ActiveCfg = Release|Any CPU
		{E30B2B01-A81D-4BB3-B2EA-5F945F5BD2A6}.Release|Any CPU.Build.0 = Release|Any CPU
		{C1F7307F-E7AC-425A-AFEB-348963EB0E95}.Debug|Any CPU.ActiveCfg = Debug|Any CPU
		{C1F7307F-E7AC-425A-AFEB-348963EB0E95}.Debug|Any CPU.Build.0 = Debug|Any CPU
		{C1F7307F-E7AC-425A-AFEB-348963EB0E95}.Release|Any CPU.ActiveCfg = Release|Any CPU
		{C1F7307F-E7AC-425A-AFEB-348963EB0E95}.Release|Any CPU.Build.0 = Release|Any CPU
		{85D49582-3C51-4E30-95FF-6F5C9E447EBC}.Debug|Any CPU.ActiveCfg = Debug|Any CPU
		{85D49582-3C51-4E30-95FF-6F5C9E447EBC}.Debug|Any CPU.Build.0 = Debug|Any CPU
		{85D49582-3C51-4E30-95FF-6F5C9E447EBC}.Release|Any CPU.ActiveCfg = Release|Any CPU
		{85D49582-3C51-4E30-95FF-6F5C9E447EBC}.Release|Any CPU.Build.0 = Release|Any CPU
		{0BE29819-BB3B-45BE-922A-B1514287CB18}.Debug|Any CPU.ActiveCfg = Debug|Any CPU
		{0BE29819-BB3B-45BE-922A-B1514287CB18}.Debug|Any CPU.Build.0 = Debug|Any CPU
		{0BE29819-BB3B-45BE-922A-B1514287CB18}.Release|Any CPU.ActiveCfg = Release|Any CPU
		{0BE29819-BB3B-45BE-922A-B1514287CB18}.Release|Any CPU.Build.0 = Release|Any CPU
	EndGlobalSection
	GlobalSection(SolutionProperties) = preSolution
		HideSolutionNode = FALSE
	EndGlobalSection
	GlobalSection(ExtensibilityGlobals) = postSolution
		SolutionGuid = {08DBA7FE-FE52-4144-B73A-BE226D6C5137}
	EndGlobalSection
EndGlobal
